
Microsoft Visual Studio Solution File, Format Version 12.00
# Visual Studio Version 17
VisualStudioVersion = 17.5.002.0
MinimumVisualStudioVersion = 10.0.40219.1
Project("{9A19103F-16F7-4668-BE54-9A1E7A4F7556}") = "try to make app", "try to make app.csproj", "{3D09644E-FF85-425C-8459-AC77231FC8FE}"
EndProject
Global
	GlobalSection(SolutionConfigurationPlatforms) = preSolution
		Debug|Any CPU = Debug|Any CPU
		Release|Any CPU = Release|Any CPU
	EndGlobalSection
	GlobalSection(ProjectConfigurationPlatforms) = postSolution
		{3D09644E-FF85-425C-8459-AC77231FC8FE}.Debug|Any CPU.ActiveCfg = Debug|Any CPU
		{3D09644E-FF85-425C-8459-AC77231FC8FE}.Debug|Any CPU.Build.0 = Debug|Any CPU
		{3D09644E-FF85-425C-8459-AC77231FC8FE}.Release|Any CPU.ActiveCfg = Release|Any CPU
		{3D09644E-FF85-425C-8459-AC77231FC8FE}.Release|Any CPU.Build.0 = Release|Any CPU
	EndGlobalSection
	GlobalSection(SolutionProperties) = preSolution
		HideSolutionNode = FALSE
	EndGlobalSection
	GlobalSection(ExtensibilityGlobals) = postSolution
		SolutionGuid = {EF6591A5-5052-4C06-AF6D-1E50033961A8}
	EndGlobalSection
EndGlobal
